
Microsoft Visual Studio Solution File, Format Version 12.00
# Visual Studio Version 17
VisualStudioVersion = 17.14.36717.8 d17.14
MinimumVisualStudioVersion = 10.0.40219.1
Project("{FAE04EC0-301F-11D3-BF4B-00C04F79EFBC}") = "SistemTickete", "SistemTickete\SistemTickete.csproj", "{D6E7AB80-4290-415E-98B1-EA2EDC031E8B}"
EndProject
Global
	GlobalSection(SolutionConfigurationPlatforms) = preSolution
		Debug|Any CPU = Debug|Any CPU
		Release|Any CPU = Release|Any CPU
	EndGlobalSection
	GlobalSection(ProjectConfigurationPlatforms) = postSolution
		{D6E7AB80-4290-415E-98B1-EA2EDC031E8B}.Debug|Any CPU.ActiveCfg = Debug|Any CPU
		{D6E7AB80-4290-415E-98B1-EA2EDC031E8B}.Debug|Any CPU.Build.0 = Debug|Any CPU
		{D6E7AB80-4290-415E-98B1-EA2EDC031E8B}.Release|Any CPU.ActiveCfg = Release|Any CPU
		{D6E7AB80-4290-415E-98B1-EA2EDC031E8B}.Release|Any CPU.Build.0 = Release|Any CPU
	EndGlobalSection
	GlobalSection(SolutionProperties) = preSolution
		HideSolutionNode = FALSE
	EndGlobalSection
	GlobalSection(ExtensibilityGlobals) = postSolution
		SolutionGuid = {0E09E6B5-C4EC-4B3C-AA58-79B9BB0B1462}
	EndGlobalSection
EndGlobal
